// !$*UTF8*$!
{
	archiveVersion = 1;
	classes = {
	};
	objectVersion = 77;
	objects = {

/* Begin PBXContainerItemProxy section */
		2E63CB492E13A2D4005E1137 /* PBXContainerItemProxy */ = {
			isa = PBXContainerItemProxy;
			containerPortal = 2E63CB2A2E13A2D3005E1137 /* Project object */;
			proxyType = 1;
			remoteGlobalIDString = 2E63CB312E13A2D3005E1137;
			remoteInfo = "UIKit-Intro";
		};
		2E63CB532E13A2D4005E1137 /* PBXContainerItemProxy */ = {
			isa = PBXContainerItemProxy;
			containerPortal = 2E63CB2A2E13A2D3005E1137 /* Project object */;
			proxyType = 1;
			remoteGlobalIDString = 2E63CB312E13A2D3005E1137;
			remoteInfo = "UIKit-Intro";
		};
/* End PBXContainerItemProxy section */

/* Begin PBXFileReference section */
		2E63CB322E13A2D3005E1137 /* UIKit-Intro.app */ = {isa = PBXFileReference; explicitFileType = wrapper.application; includeInIndex = 0; path = "UIKit-Intro.app"; sourceTree = BUILT_PRODUCTS_DIR; };
		2E63CB482E13A2D4005E1137 /* UIKit-IntroTests.xctest */ = {isa = PBXFileReference; explicitFileType = wrapper.cfbundle; includeInIndex = 0; path = "UIKit-IntroTests.xctest"; sourceTree = BUILT_PRODUCTS_DIR; };
		2E63CB522E13A2D4005E1137 /* UIKit-IntroUITests.xctest */ = {isa = PBXFileReference; explicitFileType = wrapper.cfbundle; includeInIndex = 0; path = "UIKit-IntroUITests.xctest"; sourceTree = BUILT_PRODUCTS_DIR; };
/* End PBXFileReference section */

/* Begin PBXFileSystemSynchronizedBuildFileExceptionSet section */
		2E63CB5A2E13A2D4005E1137 /* Exceptions for "UIKit-Intro" folder in "UIKit-Intro" target */ = {
			isa = PBXFileSystemSynchronizedBuildFileExceptionSet;
			membershipExceptions = (
				Info.plist,
			);
			target = 2E63CB312E13A2D3005E1137 /* UIKit-Intro */;
		};
/* End PBXFileSystemSynchronizedBuildFileExceptionSet section */

/* Begin PBXFileSystemSynchronizedRootGroup section */
		2E63CB342E13A2D3005E1137 /* UIKit-Intro */ = {
			isa = PBXFileSystemSynchronizedRootGroup;
			exceptions = (
				2E63CB5A2E13A2D4005E1137 /* Exceptions for "UIKit-Intro" folder in "UIKit-Intro" target */,
			);
			path = "UIKit-Intro";
			sourceTree = "<group>";
		};
		2E63CB4B2E13A2D4005E1137 /* UIKit-IntroTests */ = {
			isa = PBXFileSystemSynchronizedRootGroup;
			path = "UIKit-IntroTests";
			sourceTree = "<group>";
		};
		2E63CB552E13A2D4005E1137 /* UIKit-IntroUITests */ = {
			isa = PBXFileSystemSynchronizedRootGroup;
			path = "UIKit-IntroUITests";
			sourceTree = "<group>";
		};
/* End PBXFileSystemSynchronizedRootGroup section */

/* Begin PBXFrameworksBuildPhase section */
		2E63CB2F2E13A2D3005E1137 /* Frameworks */ = {
			isa = PBXFrameworksBuildPhase;
			buildActionMask = 2147483647;
			files = (
			);
			runOnlyForDeploymentPostprocessing = 0;
		};
		2E63CB452E13A2D4005E1137 /* Frameworks */ = {
			isa = PBXFrameworksBuildPhase;
			buildActionMask = 2147483647;
			files = (
			);
			runOnlyForDeploymentPostprocessing = 0;
		};
		2E63CB4F2E13A2D4005E1137 /* Frameworks */ = {
			isa = PBXFrameworksBuildPhase;
			buildActionMask = 2147483647;
			files = (
			);
			runOnlyForDeploymentPostprocessing = 0;
		};
/* End PBXFrameworksBuildPhase section */

/* Begin PBXGroup section */
		2E63CB292E13A2D3005E1137 = {
			isa = PBXGroup;
			children = (
				2E63CB342E13A2D3005E1137 /* UIKit-Intro */,
				2E63CB4B2E13A2D4005E1137 /* UIKit-IntroTests */,
				2E63CB552E13A2D4005E1137 /* UIKit-IntroUITests */,
				2E63CB332E13A2D3005E1137 /* Products */,
			);
			sourceTree = "<group>";
		};
		2E63CB332E13A2D3005E1137 /* Products */ = {
			isa = PBXGroup;
			children = (
				2E63CB322E13A2D3005E1137 /* UIKit-Intro.app */,
				2E63CB482E13A2D4005E1137 /* UIKit-IntroTests.xctest */,
				2E63CB522E13A2D4005E1137 /* UIKit-IntroUITests.xctest */,
			);
			name = Products;
			sourceTree = "<group>";
		};
/* End PBXGroup section */

/* Begin PBXNativeTarget section */
		2E63CB312E13A2D3005E1137 /* UIKit-Intro */ = {
			isa = PBXNativeTarget;
			buildConfigurationList = 2E63CB5B2E13A2D4005E1137 /* Build configuration list for PBXNativeTarget "UIKit-Intro" */;
			buildPhases = (
				2E63CB2E2E13A2D3005E1137 /* Sources */,
				2E63CB2F2E13A2D3005E1137 /* Frameworks */,
				2E63CB302E13A2D3005E1137 /* Resources */,
			);
			buildRules = (
			);
			dependencies = (
			);
			fileSystemSynchronizedGroups = (
				2E63CB342E13A2D3005E1137 /* UIKit-Intro */,
			);
			name = "UIKit-Intro";
			packageProductDependencies = (
			);
			productName = "UIKit-Intro";
			productReference = 2E63CB322E13A2D3005E1137 /* UIKit-Intro.app */;
			productType = "com.apple.product-type.application";
		};
		2E63CB472E13A2D4005E1137 /* UIKit-IntroTests */ = {
			isa = PBXNativeTarget;
			buildConfigurationList = 2E63CB602E13A2D4005E1137 /* Build configuration list for PBXNativeTarget "UIKit-IntroTests" */;
			buildPhases = (
				2E63CB442E13A2D4005E1137 /* Sources */,
				2E63CB452E13A2D4005E1137 /* Frameworks */,
				2E63CB462E13A2D4005E1137 /* Resources */,
			);
			buildRules = (
			);
			dependencies = (
				2E63CB4A2E13A2D4005E1137 /* PBXTargetDependency */,
			);
			fileSystemSynchronizedGroups = (
				2E63CB4B2E13A2D4005E1137 /* UIKit-IntroTests */,
			);
			name = "UIKit-IntroTests";
			packageProductDependencies = (
			);
			productName = "UIKit-IntroTests";
			productReference = 2E63CB482E13A2D4005E1137 /* UIKit-IntroTests.xctest */;
			productType = "com.apple.product-type.bundle.unit-test";
		};
		2E63CB512E13A2D4005E1137 /* UIKit-IntroUITests */ = {
			isa = PBXNativeTarget;
			buildConfigurationList = 2E63CB632E13A2D4005E1137 /* Build configuration list for PBXNativeTarget "UIKit-IntroUITests" */;
			buildPhases = (
				2E63CB4E2E13A2D4005E1137 /* Sources */,
				2E63CB4F2E13A2D4005E1137 /* Frameworks */,
				2E63CB502E13A2D4005E1137 /* Resources */,
			);
			buildRules = (
			);
			dependencies = (
				2E63CB542E13A2D4005E1137 /* PBXTargetDependency */,
			);
			fileSystemSynchronizedGroups = (
				2E63CB552E13A2D4005E1137 /* UIKit-IntroUITests */,
			);
			name = "UIKit-IntroUITests";
			packageProductDependencies = (
			);
			productName = "UIKit-IntroUITests";
			productReference = 2E63CB522E13A2D4005E1137 /* UIKit-IntroUITests.xctest */;
			productType = "com.apple.product-type.bundle.ui-testing";
		};
/* End PBXNativeTarget section */

/* Begin PBXProject section */
		2E63CB2A2E13A2D3005E1137 /* Project object */ = {
			isa = PBXProject;
			attributes = {
				BuildIndependentTargetsInParallel = 1;
				LastSwiftUpdateCheck = 1630;
				LastUpgradeCheck = 1630;
				TargetAttributes = {
					2E63CB312E13A2D3005E1137 = {
						CreatedOnToolsVersion = 16.3;
					};
					2E63CB472E13A2D4005E1137 = {
						CreatedOnToolsVersion = 16.3;
						TestTargetID = 2E63CB312E13A2D3005E1137;
					};
					2E63CB512E13A2D4005E1137 = {
						CreatedOnToolsVersion = 16.3;
						TestTargetID = 2E63CB312E13A2D3005E1137;
					};
				};
			};
			buildConfigurationList = 2E63CB2D2E13A2D3005E1137 /* Build configuration list for PBXProject "UIKit-Intro" */;
			developmentRegion = en;
			hasScannedForEncodings = 0;
			knownRegions = (
				en,
				Base,
			);
			mainGroup = 2E63CB292E13A2D3005E1137;
			minimizedProjectReferenceProxies = 1;
			preferredProjectObjectVersion = 77;
			productRefGroup = 2E63CB332E13A2D3005E1137 /* Products */;
			projectDirPath = "";
			projectRoot = "";
			targets = (
				2E63CB312E13A2D3005E1137 /* UIKit-Intro */,
				2E63CB472E13A2D4005E1137 /* UIKit-IntroTests */,
				2E63CB512E13A2D4005E1137 /* UIKit-IntroUITests */,
			);
		};
/* End PBXProject section */

/* Begin PBXResourcesBuildPhase section */
		2E63CB302E13A2D3005E1137 /* Resources */ = {
			isa = PBXResourcesBuildPhase;
			buildActionMask = 2147483647;
			files = (
			);
			runOnlyForDeploymentPostprocessing = 0;
		};
		2E63CB462E13A2D4005E1137 /* Resources */ = {
			isa = PBXResourcesBuildPhase;
			buildActionMask = 2147483647;
			files = (
			);
			runOnlyForDeploymentPostprocessing = 0;
		};
		2E63CB502E13A2D4005E1137 /* Resources */ = {
			isa = PBXResourcesBuildPhase;
			buildActionMask = 2147483647;
			files = (
			);
			runOnlyForDeploymentPostprocessing = 0;
		};
/* End PBXResourcesBuildPhase section */

/* Begin PBXSourcesBuildPhase section */
		2E63CB2E2E13A2D3005E1137 /* Sources */ = {
			isa = PBXSourcesBuildPhase;
			buildActionMask = 2147483647;
			files = (
			);
			runOnlyForDeploymentPostprocessing = 0;
		};
		2E63CB442E13A2D4005E1137 /* Sources */ = {
			isa = PBXSourcesBuildPhase;
			buildActionMask = 2147483647;
			files = (
			);
			runOnlyForDeploymentPostprocessing = 0;
		};
		2E63CB4E2E13A2D4005E1137 /* Sources */ = {
			isa = PBXSourcesBuildPhase;
			buildActionMask = 2147483647;
			files = (
			);
			runOnlyForDeploymentPostprocessing = 0;
		};
/* End PBXSourcesBuildPhase section */

/* Begin PBXTargetDependency section */
		2E63CB4A2E13A2D4005E1137 /* PBXTargetDependency */ = {
			isa = PBXTargetDependency;
			target = 2E63CB312E13A2D3005E1137 /* UIKit-Intro */;
			targetProxy = 2E63CB492E13A2D4005E1137 /* PBXContainerItemProxy */;
		};
		2E63CB542E13A2D4005E1137 /* PBXTargetDependency */ = {
			isa = PBXTargetDependency;
			target = 2E63CB312E13A2D3005E1137 /* UIKit-Intro */;
			targetProxy = 2E63CB532E13A2D4005E1137 /* PBXContainerItemProxy */;
		};
/* End PBXTargetDependency section */

/* Begin XCBuildConfiguration section */
		2E63CB5C2E13A2D4005E1137 /* Debug */ = {
			isa = XCBuildConfiguration;
			buildSettings = {
				ASSETCATALOG_COMPILER_APPICON_NAME = AppIcon;
				ASSETCATALOG_COMPILER_GLOBAL_ACCENT_COLOR_NAME = AccentColor;
				CODE_SIGN_STYLE = Automatic;
				CURRENT_PROJECT_VERSION = 1;
				GENERATE_INFOPLIST_FILE = YES;
				INFOPLIST_FILE = "UIKit-Intro/Info.plist";
				INFOPLIST_KEY_UIApplicationSupportsIndirectInputEvents = YES;
				INFOPLIST_KEY_UILaunchStoryboardName = LaunchScreen;
				INFOPLIST_KEY_UIMainStoryboardFile = Main;
				INFOPLIST_KEY_UISupportedInterfaceOrientations_iPad = "UIInterfaceOrientationPortrait UIInterfaceOrientationPortraitUpsideDown UIInterfaceOrientationLandscapeLeft UIInterfaceOrientationLandscapeRight";
				INFOPLIST_KEY_UISupportedInterfaceOrientations_iPhone = "UIInterfaceOrientationPortrait UIInterfaceOrientationLandscapeLeft UIInterfaceOrientationLandscapeRight";
				LD_RUNPATH_SEARCH_PATHS = (
					"$(inherited)",
					"@executable_path/Frameworks",
				);
				MARKETING_VERSION = 1.0;
				PRODUCT_BUNDLE_IDENTIFIER = "co.lungwolf.UIKit-Intro";
				PRODUCT_NAME = "$(TARGET_NAME)";
				SWIFT_EMIT_LOC_STRINGS = YES;
				SWIFT_VERSION = 5.0;
				TARGETED_DEVICE_FAMILY = "1,2";
			};
			name = Debug;
		};
		2E63CB5D2E13A2D4005E1137 /* Release */ = {
			isa = XCBuildConfiguration;
			buildSettings = {
				ASSETCATALOG_COMPILER_APPICON_NAME = AppIcon;
				ASSETCATALOG_COMPILER_GLOBAL_ACCENT_COLOR_NAME = AccentColor;
				CODE_SIGN_STYLE = Automatic;
				CURRENT_PROJECT_VERSION = 1;
				GENERATE_INFOPLIST_FILE = YES;
				INFOPLIST_FILE = "UIKit-Intro/Info.plist";
				INFOPLIST_KEY_UIApplicationSupportsIndirectInputEvents = YES;
				INFOPLIST_KEY_UILaunchStoryboardName = LaunchScreen;
				INFOPLIST_KEY_UIMainStoryboardFile = Main;
				INFOPLIST_KEY_UISupportedInterfaceOrientations_iPad = "UIInterfaceOrientationPortrait UIInterfaceOrientationPortraitUpsideDown UIInterfaceOrientationLandscapeLeft UIInterfaceOrientationLandscapeRight";
				INFOPLIST_KEY_UISupportedInterfaceOrientations_iPhone = "UIInterfaceOrientationPortrait UIInterfaceOrientationLandscapeLeft UIInterfaceOrientationLandscapeRight";
				LD_RUNPATH_SEARCH_PATHS = (
					"$(inherited)",
					"@executable_path/Frameworks",
				);
				MARKETING_VERSION = 1.0;
				PRODUCT_BUNDLE_IDENTIFIER = "co.lungwolf.UIKit-Intro";
				PRODUCT_NAME = "$(TARGET_NAME)";
				SWIFT_EMIT_LOC_STRINGS = YES;
				SWIFT_VERSION = 5.0;
				TARGETED_DEVICE_FAMILY = "1,2";
			};
			name = Release;
		};
		2E63CB5E2E13A2D4005E1137 /* Debug */ = {
			isa = XCBuildConfiguration;
			buildSettings = {
				ALWAYS_SEARCH_USER_PATHS = NO;
				ASSETCATALOG_COMPILER_GENERATE_SWIFT_ASSET_SYMBOL_EXTENSIONS = YES;
				CLANG_ANALYZER_NONNULL = YES;
				CLANG_ANALYZER_NUMBER_OBJECT_CONVERSION = YES_AGGRESSIVE;
				CLANG_CXX_LANGUAGE_STANDARD = "gnu++20";
				CLANG_ENABLE_MODULES = YES;
				CLANG_ENABLE_OBJC_ARC = YES;
				CLANG_ENABLE_OBJC_WEAK = YES;
				CLANG_WARN_BLOCK_CAPTURE_AUTORELEASING = YES;
				CLANG_WARN_BOOL_CONVERSION = YES;
				CLANG_WARN_COMMA = YES;
				CLANG_WARN_CONSTANT_CONVERSION = YES;
				CLANG_WARN_DEPRECATED_OBJC_IMPLEMENTATIONS = YES;
				CLANG_WARN_DIRECT_OBJC_ISA_USAGE = YES_ERROR;
				CLANG_WARN_DOCUMENTATION_COMMENTS = YES;
				CLANG_WARN_EMPTY_BODY = YES;
				CLANG_WARN_ENUM_CONVERSION = YES;
				CLANG_WARN_INFINITE_RECURSION = YES;
				CLANG_WARN_INT_CONVERSION = YES;
				CLANG_WARN_NON_LITERAL_NULL_CONVERSION = YES;
				CLANG_WARN_OBJC_IMPLICIT_RETAIN_SELF = YES;
				CLANG_WARN_OBJC_LITERAL_CONVERSION = YES;
				CLANG_WARN_OBJC_ROOT_CLASS = YES_ERROR;
				CLANG_WARN_QUOTED_INCLUDE_IN_FRAMEWORK_HEADER = YES;
				CLANG_WARN_RANGE_LOOP_ANALYSIS = YES;
				CLANG_WARN_STRICT_PROTOTYPES = YES;
				CLANG_WARN_SUSPICIOUS_MOVE = YES;
				CLANG_WARN_UNGUARDED_AVAILABILITY = YES_AGGRESSIVE;
				CLANG_WARN_UNREACHABLE_CODE = YES;
				CLANG_WARN__DUPLICATE_METHOD_MATCH = YES;
				COPY_PHASE_STRIP = NO;
				DEBUG_INFORMATION_FORMAT = dwarf;
				ENABLE_STRICT_OBJC_MSGSEND = YES;
				ENABLE_TESTABILITY = YES;
				ENABLE_USER_SCRIPT_SANDBOXING = YES;
				GCC_C_LANGUAGE_STANDARD = gnu17;
				GCC_DYNAMIC_NO_PIC = NO;
				GCC_NO_COMMON_BLOCKS = YES;
				GCC_OPTIMIZATION_LEVEL = 0;
				GCC_PREPROCESSOR_DEFINITIONS = (
					"DEBUG=1",
					"$(inherited)",
				);
				GCC_WARN_64_TO_32_BIT_CONVERSION = YES;
				GCC_WARN_ABOUT_RETURN_TYPE = YES_ERROR;
				GCC_WARN_UNDECLARED_SELECTOR = YES;
				GCC_WARN_UNINITIALIZED_AUTOS = YES_AGGRESSIVE;
				GCC_WARN_UNUSED_FUNCTION = YES;
				GCC_WARN_UNUSED_VARIABLE = YES;
				IPHONEOS_DEPLOYMENT_TARGET = 18.4;
				LOCALIZATION_PREFERS_STRING_CATALOGS = YES;
				MTL_ENABLE_DEBUG_INFO = INCLUDE_SOURCE;
				MTL_FAST_MATH = YES;
				ONLY_ACTIVE_ARCH = YES;
				SDKROOT = iphoneos;
				SWIFT_ACTIVE_COMPILATION_CONDITIONS = "DEBUG $(inherited)";
				SWIFT_OPTIMIZATION_LEVEL = "-Onone";
			};
			name = Debug;
		};
		2E63CB5F2E13A2D4005E1137 /* Release */ = {
			isa = XCBuildConfiguration;
			buildSettings = {
				ALWAYS_SEARCH_USER_PATHS = NO;
				ASSETCATALOG_COMPILER_GENERATE_SWIFT_ASSET_SYMBOL_EXTENSIONS = YES;
				CLANG_ANALYZER_NONNULL = YES;
				CLANG_ANALYZER_NUMBER_OBJECT_CONVERSION = YES_AGGRESSIVE;
				CLANG_CXX_LANGUAGE_STANDARD = "gnu++20";
				CLANG_ENABLE_MODULES = YES;
				CLANG_ENABLE_OBJC_ARC = YES;
				CLANG_ENABLE_OBJC_WEAK = YES;
				CLANG_WARN_BLOCK_CAPTURE_AUTORELEASING = YES;
				CLANG_WARN_BOOL_CONVERSION = YES;
				CLANG_WARN_COMMA = YES;
				CLANG_WARN_CONSTANT_CONVERSION = YES;
				CLANG_WARN_DEPRECATED_OBJC_IMPLEMENTATIONS = YES;
				CLANG_WARN_DIRECT_OBJC_ISA_USAGE = YES_ERROR;
				CLANG_WARN_DOCUMENTATION_COMMENTS = YES;
				CLANG_WARN_EMPTY_BODY = YES;
				CLANG_WARN_ENUM_CONVERSION = YES;
				CLANG_WARN_INFINITE_RECURSION = YES;
				CLANG_WARN_INT_CONVERSION = YES;
				CLANG_WARN_NON_LITERAL_NULL_CONVERSION = YES;
				CLANG_WARN_OBJC_IMPLICIT_RETAIN_SELF = YES;
				CLANG_WARN_OBJC_LITERAL_CONVERSION = YES;
				CLANG_WARN_OBJC_ROOT_CLASS = YES_ERROR;
				CLANG_WARN_QUOTED_INCLUDE_IN_FRAMEWORK_HEADER = YES;
				CLANG_WARN_RANGE_LOOP_ANALYSIS = YES;
				CLANG_WARN_STRICT_PROTOTYPES = YES;
				CLANG_WARN_SUSPICIOUS_MOVE = YES;
				CLANG_WARN_UNGUARDED_AVAILABILITY = YES_AGGRESSIVE;
				CLANG_WARN_UNREACHABLE_CODE = YES;
				CLANG_WARN__DUPLICATE_METHOD_MATCH = YES;
				COPY_PHASE_STRIP = NO;
				DEBUG_INFORMATION_FORMAT = "dwarf-with-dsym";
				ENABLE_NS_ASSERTIONS = NO;
				ENABLE_STRICT_OBJC_MSGSEND = YES;
				ENABLE_USER_SCRIPT_SANDBOXING = YES;
				GCC_C_LANGUAGE_STANDARD = gnu17;
				GCC_NO_COMMON_BLOCKS = YES;
				GCC_WARN_64_TO_32_BIT_CONVERSION = YES;
				GCC_WARN_ABOUT_RETURN_TYPE = YES_ERROR;
				GCC_WARN_UNDECLARED_SELECTOR = YES;
				GCC_WARN_UNINITIALIZED_AUTOS = YES_AGGRESSIVE;
				GCC_WARN_UNUSED_FUNCTION = YES;
				GCC_WARN_UNUSED_VARIABLE = YES;
				IPHONEOS_DEPLOYMENT_TARGET = 18.4;
				LOCALIZATION_PREFERS_STRING_CATALOGS = YES;
				MTL_ENABLE_DEBUG_INFO = NO;
				MTL_FAST_MATH = YES;
				SDKROOT = iphoneos;
				SWIFT_COMPILATION_MODE = wholemodule;
				VALIDATE_PRODUCT = YES;
			};
			name = Release;
		};
		2E63CB612E13A2D4005E1137 /* Debug */ = {
			isa = XCBuildConfiguration;
			buildSettings = {
				BUNDLE_LOADER = "$(TEST_HOST)";
				CODE_SIGN_STYLE = Automatic;
				CURRENT_PROJECT_VERSION = 1;
				GENERATE_INFOPLIST_FILE = YES;
				IPHONEOS_DEPLOYMENT_TARGET = 18.4;
				MARKETING_VERSION = 1.0;
				PRODUCT_BUNDLE_IDENTIFIER = "co.lungwolf.UIKit-IntroTests";
				PRODUCT_NAME = "$(TARGET_NAME)";
				SWIFT_EMIT_LOC_STRINGS = NO;
				SWIFT_VERSION = 5.0;
				TARGETED_DEVICE_FAMILY = "1,2";
				TEST_HOST = "$(BUILT_PRODUCTS_DIR)/UIKit-Intro.app/$(BUNDLE_EXECUTABLE_FOLDER_PATH)/UIKit-Intro";
			};
			name = Debug;
		};
		2E63CB622E13A2D4005E1137 /* Release */ = {
			isa = XCBuildConfiguration;
			buildSettings = {
				BUNDLE_LOADER = "$(TEST_HOST)";
				CODE_SIGN_STYLE = Automatic;
				CURRENT_PROJECT_VERSION = 1;
				GENERATE_INFOPLIST_FILE = YES;
				IPHONEOS_DEPLOYMENT_TARGET = 18.4;
				MARKETING_VERSION = 1.0;
				PRODUCT_BUNDLE_IDENTIFIER = "co.lungwolf.UIKit-IntroTests";
				PRODUCT_NAME = "$(TARGET_NAME)";
				SWIFT_EMIT_LOC_STRINGS = NO;
				SWIFT_VERSION = 5.0;
				TARGETED_DEVICE_FAMILY = "1,2";
				TEST_HOST = "$(BUILT_PRODUCTS_DIR)/UIKit-Intro.app/$(BUNDLE_EXECUTABLE_FOLDER_PATH)/UIKit-Intro";
			};
			name = Release;
		};
		2E63CB642E13A2D4005E1137 /* Debug */ = {
			isa = XCBuildConfiguration;
			buildSettings = {
				CODE_SIGN_STYLE = Automatic;
				CURRENT_PROJECT_VERSION = 1;
				GENERATE_INFOPLIST_FILE = YES;
				MARKETING_VERSION = 1.0;
				PRODUCT_BUNDLE_IDENTIFIER = "co.lungwolf.UIKit-IntroUITests";
				PRODUCT_NAME = "$(TARGET_NAME)";
				SWIFT_EMIT_LOC_STRINGS = NO;
				SWIFT_VERSION = 5.0;
				TARGETED_DEVICE_FAMILY = "1,2";
				TEST_TARGET_NAME = "UIKit-Intro";
			};
			name = Debug;
		};
		2E63CB652E13A2D4005E1137 /* Release */ = {
			isa = XCBuildConfiguration;
			buildSettings = {
				CODE_SIGN_STYLE = Automatic;
				CURRENT_PROJECT_VERSION = 1;
				GENERATE_INFOPLIST_FILE = YES;
				MARKETING_VERSION = 1.0;
				PRODUCT_BUNDLE_IDENTIFIER = "co.lungwolf.UIKit-IntroUITests";
				PRODUCT_NAME = "$(TARGET_NAME)";
				SWIFT_EMIT_LOC_STRINGS = NO;
				SWIFT_VERSION = 5.0;
				TARGETED_DEVICE_FAMILY = "1,2";
				TEST_TARGET_NAME = "UIKit-Intro";
			};
			name = Release;
		};
/* End XCBuildConfiguration section */

/* Begin XCConfigurationList section */
		2E63CB2D2E13A2D3005E1137 /* Build configuration list for PBXProject "UIKit-Intro" */ = {
			isa = XCConfigurationList;
			buildConfigurations = (
				2E63CB5E2E13A2D4005E1137 /* Debug */,
				2E63CB5F2E13A2D4005E1137 /* Release */,
			);
			defaultConfigurationIsVisible = 0;
			defaultConfigurationName = Release;
		};
		2E63CB5B2E13A2D4005E1137 /* Build configuration list for PBXNativeTarget "UIKit-Intro" */ = {
			isa = XCConfigurationList;
			buildConfigurations = (
				2E63CB5C2E13A2D4005E1137 /* Debug */,
				2E63CB5D2E13A2D4005E1137 /* Release */,
			);
			defaultConfigurationIsVisible = 0;
			defaultConfigurationName = Release;
		};
		2E63CB602E13A2D4005E1137 /* Build configuration list for PBXNativeTarget "UIKit-IntroTests" */ = {
			isa = XCConfigurationList;
			buildConfigurations = (
				2E63CB612E13A2D4005E1137 /* Debug */,
				2E63CB622E13A2D4005E1137 /* Release */,
			);
			defaultConfigurationIsVisible = 0;
			defaultConfigurationName = Release;
		};
		2E63CB632E13A2D4005E1137 /* Build configuration list for PBXNativeTarget "UIKit-IntroUITests" */ = {
			isa = XCConfigurationList;
			buildConfigurations = (
				2E63CB642E13A2D4005E1137 /* Debug */,
				2E63CB652E13A2D4005E1137 /* Release */,
			);
			defaultConfigurationIsVisible = 0;
			defaultConfigurationName = Release;
		};
/* End XCConfigurationList section */
	};
	rootObject = 2E63CB2A2E13A2D3005E1137 /* Project object */;
}
